{
    "_meta": {
        "hash": {
            "sha256": "a79c4b15d45ad77d2c8bf337e0cf8486730b5402e6a9a8959a12f66ba698fcd7"
        },
        "pipfile-spec": 6,
        "requires": {
            "python_version": "3.8"
        },
        "sources": [
            {
                "name": "pypi",
                "url": "https://pypi.python.org/simple",
                "verify_ssl": true
            }
        ]
    },
    "default": {
        "typing": {
            "hashes": [
                "sha256:12fbdfbe7d6cca1a42e485229afcb0b0c8259258cfb919b8a5e2a5c953742f89",
                "sha256:13b4ad211f54ddbf93e5901a9967b1e07720c1d1b78d596ac6a439641aa1b130",
                "sha256:c7219ef20c5fbf413b4567092adfc46fa6203cb8454eda33c3fc1afe1398a308"
            ],
            "index": "pypi",
            "version": "==3.10.0.0"
        }
    },
    "develop": {}
}
